
Microsoft Visual Studio Solution File, Format Version 12.00
# Visual Studio for Mac
Project("{FAE04EC0-301F-11D3-BF4B-00C04F79EFBC}") = "Fruit Ninja Clone v1", "Fruit Ninja Clone v1.csproj", "{EA80217B-BAF5-E3B9-25CA-EB90627E16ED}"
EndProject
Global
	GlobalSection(SolutionConfigurationPlatforms) = preSolution
		Debug|Any CPU = Debug|Any CPU
		Release|Any CPU = Release|Any CPU
	EndGlobalSection
	GlobalSection(ProjectConfigurationPlatforms) = postSolution
		{EA80217B-BAF5-E3B9-25CA-EB90627E16ED}.Debug|Any CPU.ActiveCfg = Debug|Any CPU
		{EA80217B-BAF5-E3B9-25CA-EB90627E16ED}.Debug|Any CPU.Build.0 = Debug|Any CPU
		{EA80217B-BAF5-E3B9-25CA-EB90627E16ED}.Release|Any CPU.ActiveCfg = Release|Any CPU
		{EA80217B-BAF5-E3B9-25CA-EB90627E16ED}.Release|Any CPU.Build.0 = Release|Any CPU
	EndGlobalSection
	GlobalSection(SolutionProperties) = preSolution
		HideSolutionNode = FALSE
	EndGlobalSection
EndGlobal
